
Microsoft Visual Studio Solution File, Format Version 12.00
# Visual Studio Version 17
VisualStudioVersion = 17.10.34928.147
MinimumVisualStudioVersion = 10.0.40219.1
Project("{FAE04EC0-301F-11D3-BF4B-00C04F79EFBC}") = "Daily-Diary", "Daily-Diary\Daily-Diary.csproj", "{B61809A8-7D61-410B-B097-7694A8EB446E}"
EndProject
Project("{FAE04EC0-301F-11D3-BF4B-00C04F79EFBC}") = "DiaryManagerTests", "DiaryManagerTests\DiaryManagerTests.csproj", "{9EC743FC-7A90-428C-8DEA-42D68F2527CA}"
EndProject
Global
	GlobalSection(SolutionConfigurationPlatforms) = preSolution
		Debug|Any CPU = Debug|Any CPU
		Release|Any CPU = Release|Any CPU
	EndGlobalSection
	GlobalSection(ProjectConfigurationPlatforms) = postSolution
		{B61809A8-7D61-410B-B097-7694A8EB446E}.Debug|Any CPU.ActiveCfg = Debug|Any CPU
		{B61809A8-7D61-410B-B097-7694A8EB446E}.Debug|Any CPU.Build.0 = Debug|Any CPU
		{B61809A8-7D61-410B-B097-7694A8EB446E}.Release|Any CPU.ActiveCfg = Release|Any CPU
		{B61809A8-7D61-410B-B097-7694A8EB446E}.Release|Any CPU.Build.0 = Release|Any CPU
		{9EC743FC-7A90-428C-8DEA-42D68F2527CA}.Debug|Any CPU.ActiveCfg = Debug|Any CPU
		{9EC743FC-7A90-428C-8DEA-42D68F2527CA}.Debug|Any CPU.Build.0 = Debug|Any CPU
		{9EC743FC-7A90-428C-8DEA-42D68F2527CA}.Release|Any CPU.ActiveCfg = Release|Any CPU
		{9EC743FC-7A90-428C-8DEA-42D68F2527CA}.Release|Any CPU.Build.0 = Release|Any CPU
	EndGlobalSection
	GlobalSection(SolutionProperties) = preSolution
		HideSolutionNode = FALSE
	EndGlobalSection
	GlobalSection(ExtensibilityGlobals) = postSolution
		SolutionGuid = {5FD2132D-9AC3-446D-BBB8-64C4AE6936D8}
	EndGlobalSection
EndGlobal
